
Microsoft Visual Studio Solution File, Format Version 12.00
# Visual Studio 2013
VisualStudioVersion = 12.0.30723.0
MinimumVisualStudioVersion = 10.0.40219.1
Project("{FAE04EC0-301F-11D3-BF4B-00C04F79EFBC}") = "CitizenPortal", "CitizenPortal\CitizenPortal.csproj", "{144C679F-B1FD-466A-91B5-464E02C54DF5}"
EndProject
Project("{CC5FD16D-436D-48AD-A40C-5A424C6E3E79}") = "CitizenPortal.Cloud", "CitizenPortal.Cloud\CitizenPortal.Cloud.ccproj", "{7D29D2EE-C5E4-421D-B4CD-6958FEEDF16C}"
EndProject
Global
	GlobalSection(SolutionConfigurationPlatforms) = preSolution
		Debug|Any CPU = Debug|Any CPU
		Release|Any CPU = Release|Any CPU
	EndGlobalSection
	GlobalSection(ProjectConfigurationPlatforms) = postSolution
		{144C679F-B1FD-466A-91B5-464E02C54DF5}.Debug|Any CPU.ActiveCfg = Debug|Any CPU
		{144C679F-B1FD-466A-91B5-464E02C54DF5}.Debug|Any CPU.Build.0 = Debug|Any CPU
		{144C679F-B1FD-466A-91B5-464E02C54DF5}.Release|Any CPU.ActiveCfg = Release|Any CPU
		{144C679F-B1FD-466A-91B5-464E02C54DF5}.Release|Any CPU.Build.0 = Release|Any CPU
		{7D29D2EE-C5E4-421D-B4CD-6958FEEDF16C}.Debug|Any CPU.ActiveCfg = Debug|Any CPU
		{7D29D2EE-C5E4-421D-B4CD-6958FEEDF16C}.Debug|Any CPU.Build.0 = Debug|Any CPU
		{7D29D2EE-C5E4-421D-B4CD-6958FEEDF16C}.Release|Any CPU.ActiveCfg = Release|Any CPU
		{7D29D2EE-C5E4-421D-B4CD-6958FEEDF16C}.Release|Any CPU.Build.0 = Release|Any CPU
	EndGlobalSection
	GlobalSection(SolutionProperties) = preSolution
		HideSolutionNode = FALSE
	EndGlobalSection
EndGlobal
